// !$*UTF8*$!
{
	archiveVersion = 1;
	classes = {
	};
	objectVersion = 50;
	objects = {

/* Begin PBXBuildFile section */
		B3FD18DB22A0DE8E00BAFAED /* AppDelegate.m in Sources */ = {isa = PBXBuildFile; fileRef = B3FD18DA22A0DE8E00BAFAED /* AppDelegate.m */; };
		B3FD18DE22A0DE8E00BAFAED /* ViewController.m in Sources */ = {isa = PBXBuildFile; fileRef = B3FD18DD22A0DE8E00BAFAED /* ViewController.m */; };
		B3FD18E022A0DE9000BAFAED /* Assets.xcassets in Resources */ = {isa = PBXBuildFile; fileRef = B3FD18DF22A0DE9000BAFAED /* Assets.xcassets */; };
		B3FD18E322A0DE9000BAFAED /* Main.storyboard in Resources */ = {isa = PBXBuildFile; fileRef = B3FD18E122A0DE9000BAFAED /* Main.storyboard */; };
		B3FD18E622A0DE9000BAFAED /* main.m in Sources */ = {isa = PBXBuildFile; fileRef = B3FD18E522A0DE9000BAFAED /* main.m */; };
/* End PBXBuildFile section */

/* Begin PBXFileReference section */
		B3FD18D622A0DE8E00BAFAED /* FSLDevelopExample.app */ = {isa = PBXFileReference; explicitFileType = wrapper.application; includeInIndex = 0; path = FSLDevelopExample.app; sourceTree = BUILT_PRODUCTS_DIR; };
		B3FD18D922A0DE8E00BAFAED /* AppDelegate.h */ = {isa = PBXFileReference; lastKnownFileType = sourcecode.c.h; path = AppDelegate.h; sourceTree = "<group>"; };
		B3FD18DA22A0DE8E00BAFAED /* AppDelegate.m */ = {isa = PBXFileReference; lastKnownFileType = sourcecode.c.objc; path = AppDelegate.m; sourceTree = "<group>"; };
		B3FD18DC22A0DE8E00BAFAED /* ViewController.h */ = {isa = PBXFileReference; lastKnownFileType = sourcecode.c.h; path = ViewController.h; sourceTree = "<group>"; };
		B3FD18DD22A0DE8E00BAFAED /* ViewController.m */ = {isa = PBXFileReference; lastKnownFileType = sourcecode.c.objc; path = ViewController.m; sourceTree = "<group>"; };
		B3FD18DF22A0DE9000BAFAED /* Assets.xcassets */ = {isa = PBXFileReference; lastKnownFileType = folder.assetcatalog; path = Assets.xcassets; sourceTree = "<group>"; };
		B3FD18E222A0DE9000BAFAED /* Base */ = {isa = PBXFileReference; lastKnownFileType = file.storyboard; name = Base; path = Base.lproj/Main.storyboard; sourceTree = "<group>"; };
		B3FD18E422A0DE9000BAFAED /* Info.plist */ = {isa = PBXFileReference; lastKnownFileType = text.plist.xml; path = Info.plist; sourceTree = "<group>"; };
		B3FD18E522A0DE9000BAFAED /* main.m */ = {isa = PBXFileReference; lastKnownFileType = sourcecode.c.objc; path = main.m; sourceTree = "<group>"; };
		B3FD18E722A0DE9000BAFAED /* FSLDevelopExample.entitlements */ = {isa = PBXFileReference; lastKnownFileType = text.plist.entitlements; path = FSLDevelopExample.entitlements; sourceTree = "<group>"; };
/* End PBXFileReference section */

/* Begin PBXFrameworksBuildPhase section */
		B3FD18D322A0DE8E00BAFAED /* Frameworks */ = {
			isa = PBXFrameworksBuildPhase;
			buildActionMask = 2147483647;
			files = (
			);
			runOnlyForDeploymentPostprocessing = 0;
		};
/* End PBXFrameworksBuildPhase section */

/* Begin PBXGroup section */
		B3FD18CD22A0DE8E00BAFAED = {
			isa = PBXGroup;
			children = (
				B3FD18D822A0DE8E00BAFAED /* FSLDevelopExample */,
				B3FD18D722A0DE8E00BAFAED /* Products */,
			);
			sourceTree = "<group>";
		};
		B3FD18D722A0DE8E00BAFAED /* Products */ = {
			isa = PBXGroup;
			children = (
				B3FD18D622A0DE8E00BAFAED /* FSLDevelopExample.app */,
			);
			name = Products;
			sourceTree = "<group>";
		};
		B3FD18D822A0DE8E00BAFAED /* FSLDevelopExample */ = {
			isa = PBXGroup;
			children = (
				B3FD18D922A0DE8E00BAFAED /* AppDelegate.h */,
				B3FD18DA22A0DE8E00BAFAED /* AppDelegate.m */,
				B3FD18DC22A0DE8E00BAFAED /* ViewController.h */,
				B3FD18DD22A0DE8E00BAFAED /* ViewController.m */,
				B3FD18DF22A0DE9000BAFAED /* Assets.xcassets */,
				B3FD18E122A0DE9000BAFAED /* Main.storyboard */,
				B3FD18E422A0DE9000BAFAED /* Info.plist */,
				B3FD18E522A0DE9000BAFAED /* main.m */,
				B3FD18E722A0DE9000BAFAED /* FSLDevelopExample.entitlements */,
			);
			path = FSLDevelopExample;
			sourceTree = "<group>";
		};
/* End PBXGroup section */

/* Begin PBXNativeTarget section */
		B3FD18D522A0DE8E00BAFAED /* FSLDevelopExample */ = {
			isa = PBXNativeTarget;
			buildConfigurationList = B3FD18EA22A0DE9000BAFAED /* Build configuration list for PBXNativeTarget "FSLDevelopExample" */;
			buildPhases = (
				B3FD18D222A0DE8E00BAFAED /* Sources */,
				B3FD18D322A0DE8E00BAFAED /* Frameworks */,
				B3FD18D422A0DE8E00BAFAED /* Resources */,
			);
			buildRules = (
			);
			dependencies = (
			);
			name = FSLDevelopExample;
			productName = FSLDevelopExample;
			productReference = B3FD18D622A0DE8E00BAFAED /* FSLDevelopExample.app */;
			productType = "com.apple.product-type.application";
		};
/* End PBXNativeTarget section */

/* Begin PBXProject section */
		B3FD18CE22A0DE8E00BAFAED /* Project object */ = {
			isa = PBXProject;
			attributes = {
				LastUpgradeCheck = 1020;
				ORGANIZATIONNAME = "Fingal Liu";
				TargetAttributes = {
					B3FD18D522A0DE8E00BAFAED = {
						CreatedOnToolsVersion = 10.2.1;
					};
				};
			};
			buildConfigurationList = B3FD18D122A0DE8E00BAFAED /* Build configuration list for PBXProject "FSLDevelopExample" */;
			compatibilityVersion = "Xcode 9.3";
			developmentRegion = en;
			hasScannedForEncodings = 0;
			knownRegions = (
				en,
				Base,
			);
			mainGroup = B3FD18CD22A0DE8E00BAFAED;
			productRefGroup = B3FD18D722A0DE8E00BAFAED /* Products */;
			projectDirPath = "";
			projectRoot = "";
			targets = (
				B3FD18D522A0DE8E00BAFAED /* FSLDevelopExample */,
			);
		};
/* End PBXProject section */

/* Begin PBXResourcesBuildPhase section */
		B3FD18D422A0DE8E00BAFAED /* Resources */ = {
			isa = PBXResourcesBuildPhase;
			buildActionMask = 2147483647;
			files = (
				B3FD18E022A0DE9000BAFAED /* Assets.xcassets in Resources */,
				B3FD18E322A0DE9000BAFAED /* Main.storyboard in Resources */,
			);
			runOnlyForDeploymentPostprocessing = 0;
		};
/* End PBXResourcesBuildPhase section */

/* Begin PBXSourcesBuildPhase section */
		B3FD18D222A0DE8E00BAFAED /* Sources */ = {
			isa = PBXSourcesBuildPhase;
			buildActionMask = 2147483647;
			files = (
				B3FD18DE22A0DE8E00BAFAED /* ViewController.m in Sources */,
				B3FD18E622A0DE9000BAFAED /* main.m in Sources */,
				B3FD18DB22A0DE8E00BAFAED /* AppDelegate.m in Sources */,
			);
			runOnlyForDeploymentPostprocessing = 0;
		};
/* End PBXSourcesBuildPhase section */

/* Begin PBXVariantGroup section */
		B3FD18E122A0DE9000BAFAED /* Main.storyboard */ = {
			isa = PBXVariantGroup;
			children = (
				B3FD18E222A0DE9000BAFAED /* Base */,
			);
			name = Main.storyboard;
			sourceTree = "<group>";
		};
/* End PBXVariantGroup section */

/* Begin XCBuildConfiguration section */
		B3FD18E822A0DE9000BAFAED /* Debug */ = {
			isa = XCBuildConfiguration;
			buildSettings = {
				ALWAYS_SEARCH_USER_PATHS = NO;
				CLANG_ANALYZER_NONNULL = YES;
				CLANG_ANALYZER_NUMBER_OBJECT_CONVERSION = YES_AGGRESSIVE;
				CLANG_CXX_LANGUAGE_STANDARD = "gnu++14";
				CLANG_CXX_LIBRARY = "libc++";
				CLANG_ENABLE_MODULES = YES;
				CLANG_ENABLE_OBJC_ARC = YES;
				CLANG_ENABLE_OBJC_WEAK = YES;
				CLANG_WARN_BLOCK_CAPTURE_AUTORELEASING = YES;
				CLANG_WARN_BOOL_CONVERSION = YES;
				CLANG_WARN_COMMA = YES;
				CLANG_WARN_CONSTANT_CONVERSION = YES;
				CLANG_WARN_DEPRECATED_OBJC_IMPLEMENTATIONS = YES;
				CLANG_WARN_DIRECT_OBJC_ISA_USAGE = YES_ERROR;
				CLANG_WARN_DOCUMENTATION_COMMENTS = YES;
				CLANG_WARN_EMPTY_BODY = YES;
				CLANG_WARN_ENUM_CONVERSION = YES;
				CLANG_WARN_INFINITE_RECURSION = YES;
				CLANG_WARN_INT_CONVERSION = YES;
				CLANG_WARN_NON_LITERAL_NULL_CONVERSION = YES;
				CLANG_WARN_OBJC_IMPLICIT_RETAIN_SELF = YES;
				CLANG_WARN_OBJC_LITERAL_CONVERSION = YES;
				CLANG_WARN_OBJC_ROOT_CLASS = YES_ERROR;
				CLANG_WARN_RANGE_LOOP_ANALYSIS = YES;
				CLANG_WARN_STRICT_PROTOTYPES = YES;
				CLANG_WARN_SUSPICIOUS_MOVE = YES;
				CLANG_WARN_UNGUARDED_AVAILABILITY = YES_AGGRESSIVE;
				CLANG_WARN_UNREACHABLE_CODE = YES;
				CLANG_WARN__DUPLICATE_METHOD_MATCH = YES;
				CODE_SIGN_IDENTITY = "Mac Developer";
				COPY_PHASE_STRIP = NO;
				DEBUG_INFORMATION_FORMAT = dwarf;
				ENABLE_STRICT_OBJC_MSGSEND = YES;
				ENABLE_TESTABILITY = YES;
				GCC_C_LANGUAGE_STANDARD = gnu11;
				GCC_DYNAMIC_NO_PIC = NO;
				GCC_NO_COMMON_BLOCKS = YES;
				GCC_OPTIMIZATION_LEVEL = 0;
				GCC_PREPROCESSOR_DEFINITIONS = (
					"DEBUG=1",
					"$(inherited)",
				);
				GCC_WARN_64_TO_32_BIT_CONVERSION = YES;
				GCC_WARN_ABOUT_RETURN_TYPE = YES_ERROR;
				GCC_WARN_UNDECLARED_SELECTOR = YES;
				GCC_WARN_UNINITIALIZED_AUTOS = YES_AGGRESSIVE;
				GCC_WARN_UNUSED_FUNCTION = YES;
				GCC_WARN_UNUSED_VARIABLE = YES;
				MACOSX_DEPLOYMENT_TARGET = 10.14;
				MTL_ENABLE_DEBUG_INFO = INCLUDE_SOURCE;
				MTL_FAST_MATH = YES;
				ONLY_ACTIVE_ARCH = YES;
				SDKROOT = macosx;
			};
			name = Debug;
		};
		B3FD18E922A0DE9000BAFAED /* Release */ = {
			isa = XCBuildConfiguration;
			buildSettings = {
				ALWAYS_SEARCH_USER_PATHS = NO;
				CLANG_ANALYZER_NONNULL = YES;
				CLANG_ANALYZER_NUMBER_OBJECT_CONVERSION = YES_AGGRESSIVE;
				CLANG_CXX_LANGUAGE_STANDARD = "gnu++14";
				CLANG_CXX_LIBRARY = "libc++";
				CLANG_ENABLE_MODULES = YES;
				CLANG_ENABLE_OBJC_ARC = YES;
				CLANG_ENABLE_OBJC_WEAK = YES;
				CLANG_WARN_BLOCK_CAPTURE_AUTORELEASING = YES;
				CLANG_WARN_BOOL_CONVERSION = YES;
				CLANG_WARN_COMMA = YES;
				CLANG_WARN_CONSTANT_CONVERSION = YES;
				CLANG_WARN_DEPRECATED_OBJC_IMPLEMENTATIONS = YES;
				CLANG_WARN_DIRECT_OBJC_ISA_USAGE = YES_ERROR;
				CLANG_WARN_DOCUMENTATION_COMMENTS = YES;
				CLANG_WARN_EMPTY_BODY = YES;
				CLANG_WARN_ENUM_CONVERSION = YES;
				CLANG_WARN_INFINITE_RECURSION = YES;
				CLANG_WARN_INT_CONVERSION = YES;
				CLANG_WARN_NON_LITERAL_NULL_CONVERSION = YES;
				CLANG_WARN_OBJC_IMPLICIT_RETAIN_SELF = YES;
				CLANG_WARN_OBJC_LITERAL_CONVERSION = YES;
				CLANG_WARN_OBJC_ROOT_CLASS = YES_ERROR;
				CLANG_WARN_RANGE_LOOP_ANALYSIS = YES;
				CLANG_WARN_STRICT_PROTOTYPES = YES;
				CLANG_WARN_SUSPICIOUS_MOVE = YES;
				CLANG_WARN_UNGUARDED_AVAILABILITY = YES_AGGRESSIVE;
				CLANG_WARN_UNREACHABLE_CODE = YES;
				CLANG_WARN__DUPLICATE_METHOD_MATCH = YES;
				CODE_SIGN_IDENTITY = "Mac Developer";
				COPY_PHASE_STRIP = NO;
				DEBUG_INFORMATION_FORMAT = "dwarf-with-dsym";
				ENABLE_NS_ASSERTIONS = NO;
				ENABLE_STRICT_OBJC_MSGSEND = YES;
				GCC_C_LANGUAGE_STANDARD = gnu11;
				GCC_NO_COMMON_BLOCKS = YES;
				GCC_WARN_64_TO_32_BIT_CONVERSION = YES;
				GCC_WARN_ABOUT_RETURN_TYPE = YES_ERROR;
				GCC_WARN_UNDECLARED_SELECTOR = YES;
				GCC_WARN_UNINITIALIZED_AUTOS = YES_AGGRESSIVE;
				GCC_WARN_UNUSED_FUNCTION = YES;
				GCC_WARN_UNUSED_VARIABLE = YES;
				MACOSX_DEPLOYMENT_TARGET = 10.14;
				MTL_ENABLE_DEBUG_INFO = NO;
				MTL_FAST_MATH = YES;
				SDKROOT = macosx;
			};
			name = Release;
		};
		B3FD18EB22A0DE9000BAFAED /* Debug */ = {
			isa = XCBuildConfiguration;
			buildSettings = {
				ASSETCATALOG_COMPILER_APPICON_NAME = AppIcon;
				CODE_SIGN_ENTITLEMENTS = FSLDevelopExample/FSLDevelopExample.entitlements;
				CODE_SIGN_STYLE = Automatic;
				COMBINE_HIDPI_IMAGES = YES;
				DEVELOPMENT_TEAM = J9QNPWJA7V;
				INFOPLIST_FILE = FSLDevelopExample/Info.plist;
				LD_RUNPATH_SEARCH_PATHS = (
					"$(inherited)",
					"@executable_path/../Frameworks",
				);
				PRODUCT_BUNDLE_IDENTIFIER = "Fingal-Liu.FSLDevelopExample";
				PRODUCT_NAME = "$(TARGET_NAME)";
			};
			name = Debug;
		};
		B3FD18EC22A0DE9000BAFAED /* Release */ = {
			isa = XCBuildConfiguration;
			buildSettings = {
				ASSETCATALOG_COMPILER_APPICON_NAME = AppIcon;
				CODE_SIGN_ENTITLEMENTS = FSLDevelopExample/FSLDevelopExample.entitlements;
				CODE_SIGN_STYLE = Automatic;
				COMBINE_HIDPI_IMAGES = YES;
				DEVELOPMENT_TEAM = J9QNPWJA7V;
				INFOPLIST_FILE = FSLDevelopExample/Info.plist;
				LD_RUNPATH_SEARCH_PATHS = (
					"$(inherited)",
					"@executable_path/../Frameworks",
				);
				PRODUCT_BUNDLE_IDENTIFIER = "Fingal-Liu.FSLDevelopExample";
				PRODUCT_NAME = "$(TARGET_NAME)";
			};
			name = Release;
		};
/* End XCBuildConfiguration section */

/* Begin XCConfigurationList section */
		B3FD18D122A0DE8E00BAFAED /* Build configuration list for PBXProject "FSLDevelopExample" */ = {
			isa = XCConfigurationList;
			buildConfigurations = (
				B3FD18E822A0DE9000BAFAED /* Debug */,
				B3FD18E922A0DE9000BAFAED /* Release */,
			);
			defaultConfigurationIsVisible = 0;
			defaultConfigurationName = Release;
		};
		B3FD18EA22A0DE9000BAFAED /* Build configuration list for PBXNativeTarget "FSLDevelopExample" */ = {
			isa = XCConfigurationList;
			buildConfigurations = (
				B3FD18EB22A0DE9000BAFAED /* Debug */,
				B3FD18EC22A0DE9000BAFAED /* Release */,
			);
			defaultConfigurationIsVisible = 0;
			defaultConfigurationName = Release;
		};
/* End XCConfigurationList section */
	};
	rootObject = B3FD18CE22A0DE8E00BAFAED /* Project object */;
}
